
Microsoft Visual Studio Solution File, Format Version 12.00
# Visual Studio Version 17
VisualStudioVersion = 17.0.31903.59
MinimumVisualStudioVersion = 10.0.40219.1
Project("{FAE04EC0-301F-11D3-BF4B-00C04F79EFBC}") = "Core", "Core\Core.csproj", "{33D0CE98-2821-4807-814D-C4A69C4CC136}"
EndProject
Project("{FAE04EC0-301F-11D3-BF4B-00C04F79EFBC}") = "Infrastructure", "Infrastructure\Infrastructure.csproj", "{4FC6DB9A-A043-4765-B739-DF2D6A367DA1}"
EndProject
Project("{FAE04EC0-301F-11D3-BF4B-00C04F79EFBC}") = "WinFormsUI", "WinFormsUI\WinFormsUI.csproj", "{F194FFFB-1E7D-411E-B7D1-D7AA722F5C4D}"
EndProject
Global
	GlobalSection(SolutionConfigurationPlatforms) = preSolution
		Debug|Any CPU = Debug|Any CPU
		Debug|x64 = Debug|x64
		Debug|x86 = Debug|x86
		Release|Any CPU = Release|Any CPU
		Release|x64 = Release|x64
		Release|x86 = Release|x86
	EndGlobalSection
	GlobalSection(ProjectConfigurationPlatforms) = postSolution
		{33D0CE98-2821-4807-814D-C4A69C4CC136}.Debug|Any CPU.ActiveCfg = Debug|Any CPU
		{33D0CE98-2821-4807-814D-C4A69C4CC136}.Debug|Any CPU.Build.0 = Debug|Any CPU
		{33D0CE98-2821-4807-814D-C4A69C4CC136}.Debug|x64.ActiveCfg = Debug|Any CPU
		{33D0CE98-2821-4807-814D-C4A69C4CC136}.Debug|x64.Build.0 = Debug|Any CPU
		{33D0CE98-2821-4807-814D-C4A69C4CC136}.Debug|x86.ActiveCfg = Debug|Any CPU
		{33D0CE98-2821-4807-814D-C4A69C4CC136}.Debug|x86.Build.0 = Debug|Any CPU
		{33D0CE98-2821-4807-814D-C4A69C4CC136}.Release|Any CPU.ActiveCfg = Release|Any CPU
		{33D0CE98-2821-4807-814D-C4A69C4CC136}.Release|Any CPU.Build.0 = Release|Any CPU
		{33D0CE98-2821-4807-814D-C4A69C4CC136}.Release|x64.ActiveCfg = Release|Any CPU
		{33D0CE98-2821-4807-814D-C4A69C4CC136}.Release|x64.Build.0 = Release|Any CPU
		{33D0CE98-2821-4807-814D-C4A69C4CC136}.Release|x86.ActiveCfg = Release|Any CPU
		{33D0CE98-2821-4807-814D-C4A69C4CC136}.Release|x86.Build.0 = Release|Any CPU
		{4FC6DB9A-A043-4765-B739-DF2D6A367DA1}.Debug|Any CPU.ActiveCfg = Debug|Any CPU
		{4FC6DB9A-A043-4765-B739-DF2D6A367DA1}.Debug|Any CPU.Build.0 = Debug|Any CPU
		{4FC6DB9A-A043-4765-B739-DF2D6A367DA1}.Debug|x64.ActiveCfg = Debug|Any CPU
		{4FC6DB9A-A043-4765-B739-DF2D6A367DA1}.Debug|x64.Build.0 = Debug|Any CPU
		{4FC6DB9A-A043-4765-B739-DF2D6A367DA1}.Debug|x86.ActiveCfg = Debug|Any CPU
		{4FC6DB9A-A043-4765-B739-DF2D6A367DA1}.Debug|x86.Build.0 = Debug|Any CPU
		{4FC6DB9A-A043-4765-B739-DF2D6A367DA1}.Release|Any CPU.ActiveCfg = Release|Any CPU
		{4FC6DB9A-A043-4765-B739-DF2D6A367DA1}.Release|Any CPU.Build.0 = Release|Any CPU
		{4FC6DB9A-A043-4765-B739-DF2D6A367DA1}.Release|x64.ActiveCfg = Release|Any CPU
		{4FC6DB9A-A043-4765-B739-DF2D6A367DA1}.Release|x64.Build.0 = Release|Any CPU
		{4FC6DB9A-A043-4765-B739-DF2D6A367DA1}.Release|x86.ActiveCfg = Release|Any CPU
		{4FC6DB9A-A043-4765-B739-DF2D6A367DA1}.Release|x86.Build.0 = Release|Any CPU
		{F194FFFB-1E7D-411E-B7D1-D7AA722F5C4D}.Debug|Any CPU.ActiveCfg = Debug|Any CPU
		{F194FFFB-1E7D-411E-B7D1-D7AA722F5C4D}.Debug|Any CPU.Build.0 = Debug|Any CPU
		{F194FFFB-1E7D-411E-B7D1-D7AA722F5C4D}.Debug|x64.ActiveCfg = Debug|Any CPU
		{F194FFFB-1E7D-411E-B7D1-D7AA722F5C4D}.Debug|x64.Build.0 = Debug|Any CPU
		{F194FFFB-1E7D-411E-B7D1-D7AA722F5C4D}.Debug|x86.ActiveCfg = Debug|Any CPU
		{F194FFFB-1E7D-411E-B7D1-D7AA722F5C4D}.Debug|x86.Build.0 = Debug|Any CPU
		{F194FFFB-1E7D-411E-B7D1-D7AA722F5C4D}.Release|Any CPU.ActiveCfg = Release|Any CPU
		{F194FFFB-1E7D-411E-B7D1-D7AA722F5C4D}.Release|Any CPU.Build.0 = Release|Any CPU
		{F194FFFB-1E7D-411E-B7D1-D7AA722F5C4D}.Release|x64.ActiveCfg = Release|Any CPU
		{F194FFFB-1E7D-411E-B7D1-D7AA722F5C4D}.Release|x64.Build.0 = Release|Any CPU
		{F194FFFB-1E7D-411E-B7D1-D7AA722F5C4D}.Release|x86.ActiveCfg = Release|Any CPU
		{F194FFFB-1E7D-411E-B7D1-D7AA722F5C4D}.Release|x86.Build.0 = Release|Any CPU
	EndGlobalSection
	GlobalSection(SolutionProperties) = preSolution
		HideSolutionNode = FALSE
	EndGlobalSection
EndGlobal
